
Microsoft Visual Studio Solution File, Format Version 12.00
# Visual Studio Version 17
VisualStudioVersion = 17.11.35312.102
MinimumVisualStudioVersion = 10.0.40219.1
Project("{FAE04EC0-301F-11D3-BF4B-00C04F79EFBC}") = "Laboratorio-14", "Laboratorio-14\Laboratorio-14.csproj", "{4F031A9B-FC6D-4FB8-9F74-D2EA20861169}"
EndProject
Global
	GlobalSection(SolutionConfigurationPlatforms) = preSolution
		Debug|Any CPU = Debug|Any CPU
		Release|Any CPU = Release|Any CPU
	EndGlobalSection
	GlobalSection(ProjectConfigurationPlatforms) = postSolution
		{4F031A9B-FC6D-4FB8-9F74-D2EA20861169}.Debug|Any CPU.ActiveCfg = Debug|Any CPU
		{4F031A9B-FC6D-4FB8-9F74-D2EA20861169}.Debug|Any CPU.Build.0 = Debug|Any CPU
		{4F031A9B-FC6D-4FB8-9F74-D2EA20861169}.Release|Any CPU.ActiveCfg = Release|Any CPU
		{4F031A9B-FC6D-4FB8-9F74-D2EA20861169}.Release|Any CPU.Build.0 = Release|Any CPU
	EndGlobalSection
	GlobalSection(SolutionProperties) = preSolution
		HideSolutionNode = FALSE
	EndGlobalSection
	GlobalSection(ExtensibilityGlobals) = postSolution
		SolutionGuid = {DFF75357-7B58-410E-90EC-9EA863AA6EC9}
	EndGlobalSection
EndGlobal
