
Microsoft Visual Studio Solution File, Format Version 12.00
# Visual Studio Version 17
VisualStudioVersion = 17.11.35219.272
MinimumVisualStudioVersion = 10.0.40219.1
Project("{FAE04EC0-301F-11D3-BF4B-00C04F79EFBC}") = "Laboratorio-6", "Laboratorio-6\Laboratorio-6.csproj", "{50B37B2D-7569-4132-BB11-FB1A712BF733}"
EndProject
Global
	GlobalSection(SolutionConfigurationPlatforms) = preSolution
		Debug|Any CPU = Debug|Any CPU
		Release|Any CPU = Release|Any CPU
	EndGlobalSection
	GlobalSection(ProjectConfigurationPlatforms) = postSolution
		{50B37B2D-7569-4132-BB11-FB1A712BF733}.Debug|Any CPU.ActiveCfg = Debug|Any CPU
		{50B37B2D-7569-4132-BB11-FB1A712BF733}.Debug|Any CPU.Build.0 = Debug|Any CPU
		{50B37B2D-7569-4132-BB11-FB1A712BF733}.Release|Any CPU.ActiveCfg = Release|Any CPU
		{50B37B2D-7569-4132-BB11-FB1A712BF733}.Release|Any CPU.Build.0 = Release|Any CPU
	EndGlobalSection
	GlobalSection(SolutionProperties) = preSolution
		HideSolutionNode = FALSE
	EndGlobalSection
	GlobalSection(ExtensibilityGlobals) = postSolution
		SolutionGuid = {25DD0EBB-B43A-443F-A346-70E7C555B310}
	EndGlobalSection
EndGlobal
